{
    "_meta": {
        "hash": {
            "sha256": "8a0d68f6b2ab502a8e58f3381a6a48ace8b97e9e1cf795c11e78ccb59b9b0a81"
        },
        "pipfile-spec": 6,
        "requires": {
            "python_version": "3.11"
        },
        "sources": [
            {
                "name": "pypi",
                "url": "https://pypi.org/simple",
                "verify_ssl": true
            }
        ]
    },
    "default": {
        "babel": {
            "hashes": [
                "sha256:6919867db036398ba21eb5c7a0f6b28ab8cbc3ae7a73a44ebe34ae74a4e7d363",
                "sha256:efb1a25b7118e67ce3a259bed20545c29cb68be8ad2c784c83689981b7a57287"
            ],
            "index": "pypi",
            "markers": "python_version >= '3.7'",
            "version": "==2.14.0"
        },
        "bio": {
            "hashes": [
                "sha256:dcec8207f3993a7f41bd8205cde235218da3dc008175ae7bb7468276d8dacf71"
            ],
            "index": "pypi",
            "markers": "python_version >= '3.7'",
            "version": "==1.6.2"
        },
        "biopython": {
            "hashes": [
                "sha256:0496f2a6e6e060d8ff0f34784ad15ed342b10cfe282020efe168286f0c14c479",
                "sha256:0b35aa095de0fa8339b70664797d0e83322a1a9d512e2fd52d4e872df5189f56",
                "sha256:0d5ce14755a6b49dea4743cf6929570afe5becb66ad222194984c7bf04218f86",
                "sha256:118425a210cb3d184c7a78154c5646089366faf124cd46c6056ca7f9302b94ad",
                "sha256:29708772651d930e808cd24c519fd4f39b2e719668944c0aa1eaf0b1deef9f48",
                "sha256:2c3584122a5daca25b3914a32c52785b051c11518cd5e111e9e89ee04a6234fe",
                "sha256:2df408be9816dd98c28fe181ea93fb6e0d375bf1763ad9ed503ac30bb2df5b1a",
                "sha256:30fa323694ee640978888d0c8c4f61f951d119ccec52b1dd5fe0668cfffb6648",
                "sha256:3686ff61df3f24ecf6f23826e4fe5172c5e5f745099bc8fbb176f5304582f88f",
                "sha256:4cc011346bc8af264e3d3ea98c665b6ebe20e503f1dd50ee7e0bc913941b4c6e",
                "sha256:56f03f43c183acb88c082bc31e5f047fcc6d0aceb5270fbd29c31ab769795b86",
                "sha256:641c1a860705d6740eb16c6147b2b730b05a8f5974db804c14d5faa8a1446085",
                "sha256:741abad84165e4caf0c80e485054135f51c21177e50ac6fcc502a45a6e8f7311",
                "sha256:78e6bfb78de63034037afd35fe77cb6e0a9e5b62706becf78a7d922b16ed83f7",
                "sha256:81d1e2515b380e1876720ba79dbf50f8ef3a38cc38ba5953ef61ec20d0934ee2",
                "sha256:8552cc467429b555c604b84fc174c33923bf7e4c735774eda505f1d5a9c2feab",
                "sha256:94b68e550619e1b6e3784ed8cecb62f201d70d8b87d3a90365291f065ab42bd9",
                "sha256:a01dfdad7210f2fd5c4f36606278f91dbfdda6dac02347206d13cc618e79fe32",
                "sha256:a0c1c70789c7e2a26563db5ba533fb9fea0cc1f2c7bc7ad240146cb223ba44a3",
                "sha256:aae1b156a76907c2abfe9d141776b0aead65695ea914eaecdf12bd1e8991f869",
                "sha256:c756c0b81702c705141c87c2805203df01c6d4cf290e8cefd48cbc61a3c85b82",
                "sha256:ca94e8ea8907de841a515af55acb1922a9de99b3144c738a193f2a75e4726078",
                "sha256:e2cc737906d8de47eedbc4476f711b960c16a65daa8cdd021875398c81999a09",
                "sha256:e37884fe39e4560bf5934a4ec4ba7f7fe0e7c091053d03d05b20a70557167717",
                "sha256:e914f7161b3831d7c58db33cc5c7ca64b42c9877c5a776a8313e7a5fd494f8de",
                "sha256:ec82350c24cdcf34a8d4a5f189d0ff7dc025658098a60e6f0e681d24b6a1414e",
                "sha256:fd9bc6fef3f6a10043635a75e1a77c9dce877375140e81059c67c73d4ce65c4c"
            ],
            "markers": "python_version >= '3.8'",
            "version": "==1.83"
        },
        "biothings-client": {
            "hashes": [
                "sha256:c08437f652d9282da785e098288ef7cf3aa2a79f5d90c480eadfce96b846013e",
                "sha256:c972bf2e02b6f9cc78f7f2fbc5ef02cc56fe4f8a2adcb8801ec902f4ab7011e6"
            ],
            "markers": "python_version >= '2.7'",
            "version": "==0.3.1"
        },
        "certifi": {
            "hashes": [
                "sha256:0569859f95fc761b18b45ef421b1290a0f65f147e92a1e5eb3e635f9a5e4e66f",
                "sha256:dc383c07b76109f368f6106eee2b593b04a011ea4d55f652c6ca24a754d1cdd1"
            ],
            "markers": "python_version >= '3.6'",
            "version": "==2024.2.2"
        },
        "charset-normalizer": {
            "hashes": [
                "sha256:06435b539f889b1f6f4ac1758871aae42dc3a8c0e24ac9e60c2384973ad73027",
                "sha256:06a81e93cd441c56a9b65d8e1d043daeb97a3d0856d177d5c90ba85acb3db087",
                "sha256:0a55554a2fa0d408816b3b5cedf0045f4b8e1a6065aec45849de2d6f3f8e9786",
                "sha256:0b2b64d2bb6d3fb9112bafa732def486049e63de9618b5843bcdd081d8144cd8",
                "sha256:10955842570876604d404661fbccbc9c7e684caf432c09c715ec38fbae45ae09",
                "sha256:122c7fa62b130ed55f8f285bfd56d5f4b4a5b503609d181f9ad85e55c89f4185",
                "sha256:1ceae2f17a9c33cb48e3263960dc5fc8005351ee19db217e9b1bb15d28c02574",
                "sha256:1d3193f4a680c64b4b6a9115943538edb896edc190f0b222e73761716519268e",
                "sha256:1f79682fbe303db92bc2b1136016a38a42e835d932bab5b3b1bfcfbf0640e519",
                "sha256:2127566c664442652f024c837091890cb1942c30937add288223dc895793f898",
                "sha256:22afcb9f253dac0696b5a4be4a1c0f8762f8239e21b99680099abd9b2b1b2269",
                "sha256:25baf083bf6f6b341f4121c2f3c548875ee6f5339300e08be3f2b2ba1721cdd3",
                "sha256:2e81c7b9c8979ce92ed306c249d46894776a909505d8f5a4ba55b14206e3222f",
                "sha256:3287761bc4ee9e33561a7e058c72ac0938c4f57fe49a09eae428fd88aafe7bb6",
                "sha256:34d1c8da1e78d2e001f363791c98a272bb734000fcef47a491c1e3b0505657a8",
                "sha256:37e55c8e51c236f95b033f6fb391d7d7970ba5fe7ff453dad675e88cf303377a",
                "sha256:3d47fa203a7bd9c5b6cee4736ee84ca03b8ef23193c0d1ca99b5089f72645c73",
                "sha256:3e4d1f6587322d2788836a99c69062fbb091331ec940e02d12d179c1d53e25fc",
                "sha256:42cb296636fcc8b0644486d15c12376cb9fa75443e00fb25de0b8602e64c1714",
                "sha256:45485e01ff4d3630ec0d9617310448a8702f70e9c01906b0d0118bdf9d124cf2",
                "sha256:4a78b2b446bd7c934f5dcedc588903fb2f5eec172f3d29e52a9096a43722adfc",
                "sha256:4ab2fe47fae9e0f9dee8c04187ce5d09f48eabe611be8259444906793ab7cbce",
                "sha256:4d0d1650369165a14e14e1e47b372cfcb31d6ab44e6e33cb2d4e57265290044d",
                "sha256:549a3a73da901d5bc3ce8d24e0600d1fa85524c10287f6004fbab87672bf3e1e",
                "sha256:55086ee1064215781fff39a1af09518bc9255b50d6333f2e4c74ca09fac6a8f6",
                "sha256:572c3763a264ba47b3cf708a44ce965d98555f618ca42c926a9c1616d8f34269",
                "sha256:573f6eac48f4769d667c4442081b1794f52919e7edada77495aaed9236d13a96",
                "sha256:5b4c145409bef602a690e7cfad0a15a55c13320ff7a3ad7ca59c13bb8ba4d45d",
                "sha256:6463effa3186ea09411d50efc7d85360b38d5f09b870c48e4600f63af490e56a",
                "sha256:65f6f63034100ead094b8744b3b97965785388f308a64cf8d7c34f2f2e5be0c4",
                "sha256:663946639d296df6a2bb2aa51b60a2454ca1cb29835324c640dafb5ff2131a77",
                "sha256:6897af51655e3691ff853668779c7bad41579facacf5fd7253b0133308cf000d",
                "sha256:68d1f8a9e9e37c1223b656399be5d6b448dea850bed7d0f87a8311f1ff3dabb0",
                "sha256:6ac7ffc7ad6d040517be39eb591cac5ff87416c2537df6ba3cba3bae290c0fed",
                "sha256:6b3251890fff30ee142c44144871185dbe13b11bab478a88887a639655be1068",
                "sha256:6c4caeef8fa63d06bd437cd4bdcf3ffefe6738fb1b25951440d80dc7df8c03ac",
                "sha256:6ef1d82a3af9d3eecdba2321dc1b3c238245d890843e040e41e470ffa64c3e25",
                "sha256:753f10e867343b4511128c6ed8c82f7bec3bd026875576dfd88483c5c73b2fd8",
                "sha256:7cd13a2e3ddeed6913a65e66e94b51d80a041145a026c27e6bb76c31a853c6ab",
                "sha256:7ed9e526742851e8d5cc9e6cf41427dfc6068d4f5a3bb03659444b4cabf6bc26",
                "sha256:7f04c839ed0b6b98b1a7501a002144b76c18fb1c1850c8b98d458ac269e26ed2",
                "sha256:802fe99cca7457642125a8a88a084cef28ff0cf9407060f7b93dca5aa25480db",
                "sha256:80402cd6ee291dcb72644d6eac93785fe2c8b9cb30893c1af5b8fdd753b9d40f",
                "sha256:8465322196c8b4d7ab6d1e049e4c5cb460d0394da4a27d23cc242fbf0034b6b5",
                "sha256:86216b5cee4b06df986d214f664305142d9c76df9b6512be2738aa72a2048f99",
                "sha256:87d1351268731db79e0f8e745d92493ee2841c974128ef629dc518b937d9194c",
                "sha256:8bdb58ff7ba23002a4c5808d608e4e6c687175724f54a5dade5fa8c67b604e4d",
                "sha256:8c622a5fe39a48f78944a87d4fb8a53ee07344641b0562c540d840748571b811",
                "sha256:8d756e44e94489e49571086ef83b2bb8ce311e730092d2c34ca8f7d925cb20aa",
                "sha256:8f4a014bc36d3c57402e2977dada34f9c12300af536839dc38c0beab8878f38a",
                "sha256:9063e24fdb1e498ab71cb7419e24622516c4a04476b17a2dab57e8baa30d6e03",
                "sha256:90d558489962fd4918143277a773316e56c72da56ec7aa3dc3dbbe20fdfed15b",
                "sha256:923c0c831b7cfcb071580d3f46c4baf50f174be571576556269530f4bbd79d04",
                "sha256:95f2a5796329323b8f0512e09dbb7a1860c46a39da62ecb2324f116fa8fdc85c",
                "sha256:96b02a3dc4381e5494fad39be677abcb5e6634bf7b4fa83a6dd3112607547001",
                "sha256:9f96df6923e21816da7e0ad3fd47dd8f94b2a5ce594e00677c0013018b813458",
                "sha256:a10af20b82360ab00827f916a6058451b723b4e65030c5a18577c8b2de5b3389",
                "sha256:a50aebfa173e157099939b17f18600f72f84eed3049e743b68ad15bd69b6bf99",
                "sha256:a981a536974bbc7a512cf44ed14938cf01030a99e9b3a06dd59578882f06f985",
                "sha256:a9a8e9031d613fd2009c182b69c7b2c1ef8239a0efb1df3f7c8da66d5dd3d537",
                "sha256:ae5f4161f18c61806f411a13b0310bea87f987c7d2ecdbdaad0e94eb2e404238",
                "sha256:aed38f6e4fb3f5d6bf81bfa990a07806be9d83cf7bacef998ab1a9bd660a581f",
                "sha256:b01b88d45a6fcb69667cd6d2f7a9aeb4bf53760d7fc536bf679ec94fe9f3ff3d",
                "sha256:b261ccdec7821281dade748d088bb6e9b69e6d15b30652b74cbbac25e280b796",
                "sha256:b2b0a0c0517616b6869869f8c581d4eb2dd83a4d79e0ebcb7d373ef9956aeb0a",
                "sha256:b4a23f61ce87adf89be746c8a8974fe1c823c891d8f86eb218bb957c924bb143",
                "sha256:bd8f7df7d12c2db9fab40bdd87a7c09b1530128315d047a086fa3ae3435cb3a8",
                "sha256:beb58fe5cdb101e3a055192ac291b7a21e3b7ef4f67fa1d74e331a7f2124341c",
                "sha256:c002b4ffc0be611f0d9da932eb0f704fe2602a9a949d1f738e4c34c75b0863d5",
                "sha256:c083af607d2515612056a31f0a8d9e0fcb5876b7bfc0abad3ecd275bc4ebc2d5",
                "sha256:c180f51afb394e165eafe4ac2936a14bee3eb10debc9d9e4db8958fe36afe711",
                "sha256:c235ebd9baae02f1b77bcea61bce332cb4331dc3617d254df3323aa01ab47bd4",
                "sha256:cd70574b12bb8a4d2aaa0094515df2463cb429d8536cfb6c7ce983246983e5a6",
                "sha256:d0eccceffcb53201b5bfebb52600a5fb483a20b61da9dbc885f8b103cbe7598c",
                "sha256:d965bba47ddeec8cd560687584e88cf699fd28f192ceb452d1d7ee807c5597b7",
                "sha256:db364eca23f876da6f9e16c9da0df51aa4f104a972735574842618b8c6d999d4",
                "sha256:ddbb2551d7e0102e7252db79ba445cdab71b26640817ab1e3e3648dad515003b",
                "sha256:deb6be0ac38ece9ba87dea880e438f25ca3eddfac8b002a2ec3d9183a454e8ae",
                "sha256:e06ed3eb3218bc64786f7db41917d4e686cc4856944f53d5bdf83a6884432e12",
                "sha256:e27ad930a842b4c5eb8ac0016b0a54f5aebbe679340c26101df33424142c143c",
                "sha256:e537484df0d8f426ce2afb2d0f8e1c3d0b114b83f8850e5f2fbea0e797bd82ae",
                "sha256:eb00ed941194665c332bf8e078baf037d6c35d7c4f3102ea2d4f16ca94a26dc8",
                "sha256:eb6904c354526e758fda7167b33005998fb68c46fbc10e013ca97f21ca5c8887",
                "sha256:eb8821e09e916165e160797a6c17edda0679379a4be5c716c260e836e122f54b",
                "sha256:efcb3f6676480691518c177e3b465bcddf57cea040302f9f4e6e191af91174d4",
                "sha256:f27273b60488abe721a075bcca6d7f3964f9f6f067c8c4c605743023d7d3944f",
                "sha256:f30c3cb33b24454a82faecaf01b19c18562b1e89558fb6c56de4d9118a032fd5",
                "sha256:fb69256e180cb6c8a894fee62b3afebae785babc1ee98b81cdf68bbca1987f33",
                "sha256:fd1abc0d89e30cc4e02e4064dc67fcc51bd941eb395c502aac3ec19fab46b519",
                "sha256:ff8fa367d09b717b2a17a052544193ad76cd49979c805768879cb63d9ca50561"
            ],
            "markers": "python_full_version >= '3.7.0'",
            "version": "==3.3.2"
        },
        "gprofiler-official": {
            "hashes": [
                "sha256:5015b47f10fbdcb59c57e342e815c9c07afbe57cd3984154f75b845ddef2445d",
                "sha256:c582baf728e5a6cddac964e4085ca385e082c4ef0279e3af1a16a9af07ab5395"
            ],
            "version": "==1.0.0"
        },
        "idna": {
            "hashes": [
                "sha256:9ecdbbd083b06798ae1e86adcbfe8ab1479cf864e4ee30fe4e46a003d12491ca",
                "sha256:c05567e9c24a6b9faaa835c4821bad0590fbb9d5779e7caa6e1cc4978e7eb24f"
            ],
            "markers": "python_version >= '3.5'",
            "version": "==3.6"
        },
        "markdown-it-py": {
            "hashes": [
                "sha256:355216845c60bd96232cd8d8c40e8f9765cc86f46880e43a8fd22dc1a1a8cab1",
                "sha256:e3f60a94fa066dc52ec76661e37c851cb232d92f9886b15cb560aaada2df8feb"
            ],
            "markers": "python_version >= '3.8'",
            "version": "==3.0.0"
        },
        "mdurl": {
            "hashes": [
                "sha256:84008a41e51615a49fc9966191ff91509e3c40b939176e643fd50a5c2196b8f8",
                "sha256:bb413d29f5eea38f31dd4754dd7377d4465116fb207585f97bf925588687c1ba"
            ],
            "markers": "python_version >= '3.7'",
            "version": "==0.1.2"
        },
        "mygene": {
            "hashes": [
                "sha256:18d85d1b28ecee2be31d844607fb0c5f7d7c58573278432df819ee2a5e88fe46",
                "sha256:e729cabbc28cf5afb221bca1ab637883b375cb1a3e2f067587ec79f71affdaea"
            ],
            "version": "==3.2.2"
        },
        "natsort": {
            "hashes": [
                "sha256:45312c4a0e5507593da193dedd04abb1469253b601ecaf63445ad80f0a1ea581",
                "sha256:4732914fb471f56b5cce04d7bae6f164a592c7712e1c85f9ef585e197299521c"
            ],
            "markers": "python_version >= '3.7'",
            "version": "==8.4.0"
        },
        "ncls": {
            "hashes": [
                "sha256:012f997b767fb68b43bbad49fc8129cf14d742022234d7dc6fb3d01dd5b6b1b0",
                "sha256:04ec4589c8dec4eddeac722c24a79fa411adc6e61ddd5a43e4b06d17c1bb007e",
                "sha256:06291311f8a1e61c9dce55af06c16cf6407d7b490f29baa266c85161818b6d92",
                "sha256:197982e0ab2b4b26fa94203a6138433cc324f3d7398f13deae736358ae69d0fd",
                "sha256:1e3e1111628388fd8b957c8c293c76ed4cfbcf5491c11d8d251edfb30e23edd6",
                "sha256:2243c31ed0101768561e43abaffafe9c5783140f121416f072db922c197469cd",
                "sha256:232e20be1f60595eb980b1c7251c8c1cb6cc7d9f1106f7070fd5790712befa08",
                "sha256:2738326cb1eac9c5d9e94f950ce5ac3113af3318568c85e9d04dfd97ef399798",
                "sha256:2a44716b47f18638bfe29ae87b4b90573ca22f88c545047cfc07fbae728bf56a",
                "sha256:2b0ec9876a5184ac07a11cf1bde6bbfbeb5f5a18943e213fee41233fd93c6f53",
                "sha256:2b9ba8760f2a9b83a22271fe5e899ad85658325e010bc68dde62327a9d3979f8",
                "sha256:2f97e23aaebe126d1dbbfb5d9830c85b140cae03dbecbc24e3f4b1e01e56c383",
                "sha256:309ff2b68b6b71561ba84897b772cd2ea877a571e6bc08ea4a61af6366d998c3",
                "sha256:36d3412d19bf77200c24d9f72e14d1500171268f715296e076d468c7291476e4",
                "sha256:3eceb9c63e2d2c87cec79082c9907eae6c84800714e614701a890167b4063df2",
                "sha256:48f81075b95c78bff50bc7fc123a4a88bbeacbf0294dab36b2cfc03cf68bfb00",
                "sha256:4ded131057fbe6d5d801b09a55ecaab3c5737a3b44950ce9031489cf8082ef58",
                "sha256:4ff5042a0ac6ff40ba14ba127c5d5f7fdc988b8ebdbeb463ec0e56e50578557a",
                "sha256:5150c05b79537e9be0571537ffefa246ae6b64d62bf6caa4e8a78e56a73bdb47",
                "sha256:51db112d667899e727db8a58469fee7c50cf6a78d6c7a1068b1091302ab3190b",
                "sha256:557556ebf9fc437ef75a2626130c70085bbe389d08dfc73a1fd6ccbc67b5fa3d",
                "sha256:6346c6a91d8958bf2bd550130998a4e786a357d3cd20d6c7d58eefa14e830534",
                "sha256:6a69a75d74bbfd0594c1e0b5c8e50abb1375427374cc058f92010c9cc5855306",
                "sha256:6c347d9fc5ddc09f20093f10e06c882099864438902f1bd3d2d0e07d5f27f9cc",
                "sha256:6cbe316a9e47c087a69be63cce457b358396a1147b1bfc5420f39d6152ae157e",
                "sha256:6e069b3d2523e73ec4f0588b29cfa0cc3af739cdad7f53b6c8d68ceb5930dbdf",
                "sha256:6e27da7e43f63a5a55bd6573cdd90f4b22f81ce28527392ba830be56829f942a",
                "sha256:7db58d8f9cad500d42f114fb5f45ab752fc35a69d28c768a7ae8bc7edb7c9561",
                "sha256:81aaa5abb123bb21797ed2f8ef921e20222db14a3ecbc61ccf447532f2b7ba93",
                "sha256:8730ab749b00796a044fe0ed12a0393d92327bddbc3d27760be7b0c67e9ef076",
                "sha256:8be2a86e03e21e2fe988e66780d1f5986e698d37397d3e282cbb70c5db68b5f7",
                "sha256:8dec914444a3208c2220b49f9afa2790ac2f1cee758afc0a488b8f814a24b0c3",
                "sha256:906af9e789412ef6d0a8b08d6870b40d39304865973f550b0eb6994d3d3217e8",
                "sha256:9455875acc2096fd64c38913445f2e858016aa1b9a09bcd371541a4f81302aca",
                "sha256:94b64e294cd42f45989b6f49263108e114a6410d013f39778712f52bee9de52e",
                "sha256:988f63ab36fb949ee5177c4384a0b7edf9e284a7cd5d4c590219b79df7caa6ea",
                "sha256:9bba731f161578c5b5d2407cc7072418debe784a68e564480c2a882361863a62",
                "sha256:b201c8298d8b23b49f8f1c75a462f9a0a59db3a151f01a332667c808ae62bd79",
                "sha256:b6403dd279c4696efd3ae697a20dfc1dd7ace0e54f816ee0ad91cf21fc57346a",
                "sha256:b7e1b7581c0a013f13c38865e9fb3874e2275d3cb326ffa48dd11eea9b5b7daa",
                "sha256:bf9591296bd8c5ac722baf59512317b6e029bd832c5d25e5d8b01a4addc4388e",
                "sha256:c7312b2c7f97b7c91a31feeb53462301c15af286676932d3ae92371cbe57174c",
                "sha256:d82c099ff0bc57fe38c018bcab20f2e7da819f3cb5167d475e22f1bcd1bdeae8",
                "sha256:e19a94ac781dcab1e46f8d89f596687ee13745cb402414586dbf1c4dab47338b",
                "sha256:e27b504899dc2278fc6d9eb14b8226b1a64fb5cb7d1e12ff6dd1ffc6449aae08",
                "sha256:e6553f2121e933e8bf816cfc3bdea2fc2d2d2ccaec41c7a72f57c0e7ba2dc6d9",
                "sha256:eb36432b476a09f71f8b5961e1d82fb328094324cfa4808a5899f42afe2e7ec7",
                "sha256:f67cb6531e4044663d89d27ff7baf0cf69e253751663aac84798e282ce8cfdd2"
            ],
            "version": "==0.0.68"
        },
        "numpy": {
            "hashes": [
                "sha256:03a8c78d01d9781b28a6989f6fa1bb2c4f2d51201cf99d3dd875df6fbd96b23b",
                "sha256:08beddf13648eb95f8d867350f6a018a4be2e5ad54c8d8caed89ebca558b2818",
                "sha256:1af303d6b2210eb850fcf03064d364652b7120803a0b872f5211f5234b399f20",
                "sha256:1dda2e7b4ec9dd512f84935c5f126c8bd8b9f2fc001e9f54af255e8c5f16b0e0",
                "sha256:2a02aba9ed12e4ac4eb3ea9421c420301a0c6460d9830d74a9df87efa4912010",
                "sha256:2e4ee3380d6de9c9ec04745830fd9e2eccb3e6cf790d39d7b98ffd19b0dd754a",
                "sha256:3373d5d70a5fe74a2c1bb6d2cfd9609ecf686d47a2d7b1d37a8f3b6bf6003aea",
                "sha256:47711010ad8555514b434df65f7d7b076bb8261df1ca9bb78f53d3b2db02e95c",
                "sha256:4c66707fabe114439db9068ee468c26bbdf909cac0fb58686a42a24de1760c71",
                "sha256:50193e430acfc1346175fcbdaa28ffec49947a06918b7b92130744e81e640110",
                "sha256:52b8b60467cd7dd1e9ed082188b4e6bb35aa5cdd01777621a1658910745b90be",
                "sha256:60dedbb91afcbfdc9bc0b1f3f402804070deed7392c23eb7a7f07fa857868e8a",
                "sha256:62b8e4b1e28009ef2846b4c7852046736bab361f7aeadeb6a5b89ebec3c7055a",
                "sha256:666dbfb6ec68962c033a450943ded891bed2d54e6755e35e5835d63f4f6931d5",
                "sha256:675d61ffbfa78604709862923189bad94014bef562cc35cf61d3a07bba02a7ed",
                "sha256:679b0076f67ecc0138fd2ede3a8fd196dddc2ad3254069bcb9faf9a79b1cebcd",
                "sha256:7349ab0fa0c429c82442a27a9673fc802ffdb7c7775fad780226cb234965e53c",
                "sha256:7ab55401287bfec946ced39700c053796e7cc0e3acbef09993a9ad2adba6ca6e",
                "sha256:7e50d0a0cc3189f9cb0aeb3a6a6af18c16f59f004b866cd2be1c14b36134a4a0",
                "sha256:95a7476c59002f2f6c590b9b7b998306fba6a5aa646b1e22ddfeaf8f78c3a29c",
                "sha256:96ff0b2ad353d8f990b63294c8986f1ec3cb19d749234014f4e7eb0112ceba5a",
                "sha256:9fad7dcb1aac3c7f0584a5a8133e3a43eeb2fe127f47e3632d43d677c66c102b",
                "sha256:9ff0f4f29c51e2803569d7a51c2304de5554655a60c5d776e35b4a41413830d0",
                "sha256:a354325ee03388678242a4d7ebcd08b5c727033fcff3b2f536aea978e15ee9e6",
                "sha256:a4abb4f9001ad2858e7ac189089c42178fcce737e4169dc61321660f1a96c7d2",
                "sha256:ab47dbe5cc8210f55aa58e4805fe224dac469cde56b9f731a4c098b91917159a",
                "sha256:afedb719a9dcfc7eaf2287b839d8198e06dcd4cb5d276a3df279231138e83d30",
                "sha256:b3ce300f3644fb06443ee2222c2201dd3a89ea6040541412b8fa189341847218",
                "sha256:b97fe8060236edf3662adfc2c633f56a08ae30560c56310562cb4f95500022d5",
                "sha256:bfe25acf8b437eb2a8b2d49d443800a5f18508cd811fea3181723922a8a82b07",
                "sha256:cd25bcecc4974d09257ffcd1f098ee778f7834c3ad767fe5db785be9a4aa9cb2",
                "sha256:d209d8969599b27ad20994c8e41936ee0964e6da07478d6c35016bc386b66ad4",
                "sha256:d5241e0a80d808d70546c697135da2c613f30e28251ff8307eb72ba696945764",
                "sha256:edd8b5fe47dab091176d21bb6de568acdd906d1887a4584a15a9a96a1dca06ef",
                "sha256:f870204a840a60da0b12273ef34f7051e98c3b5961b61b0c2c1be6dfd64fbcd3",
                "sha256:ffa75af20b44f8dba823498024771d5ac50620e6915abac414251bd971b4529f"
            ],
            "markers": "python_version == '3.11'",
            "version": "==1.26.4"
        },
        "packaging": {
            "hashes": [
                "sha256:048fb0e9405036518eaaf48a55953c750c11e1a1b68e0dd1a9d62ed0c092cfc5",
                "sha256:8c491190033a9af7e1d931d0b5dacc2ef47509b34dd0de67ed209b5203fc88c7"
            ],
            "markers": "python_version >= '3.7'",
            "version": "==23.2"
        },
        "pandas": {
            "hashes": [
                "sha256:04f6ec3baec203c13e3f8b139fb0f9f86cd8c0b94603ae3ae8ce9a422e9f5bee",
                "sha256:06cf591dbaefb6da9de8472535b185cba556d0ce2e6ed28e21d919704fef1a9e",
                "sha256:0ab90f87093c13f3e8fa45b48ba9f39181046e8f3317d3aadb2fffbb1b978572",
                "sha256:0f573ab277252ed9aaf38240f3b54cfc90fff8e5cab70411ee1d03f5d51f3944",
                "sha256:101d0eb9c5361aa0146f500773395a03839a5e6ecde4d4b6ced88b7e5a1a6403",
                "sha256:11940e9e3056576ac3244baef2fedade891977bcc1cb7e5cc8f8cc7d603edc89",
                "sha256:1ba21b1d5c0e43416218db63037dbe1a01fc101dc6e6024bcad08123e48004ab",
                "sha256:4aa1d8707812a658debf03824016bf5ea0d516afdea29b7dc14cf687bc4d4ec6",
                "sha256:4acf681325ee1c7f950d058b05a820441075b0dd9a2adf5c4835b9bc056bf4fb",
                "sha256:53680dc9b2519cbf609c62db3ed7c0b499077c7fefda564e330286e619ff0dd9",
                "sha256:739cc70eaf17d57608639e74d63387b0d8594ce02f69e7a0b046f117974b3019",
                "sha256:76f27a809cda87e07f192f001d11adc2b930e93a2b0c4a236fde5429527423be",
                "sha256:7d2ed41c319c9fb4fd454fe25372028dfa417aacb9790f68171b2e3f06eae8cd",
                "sha256:88ecb5c01bb9ca927ebc4098136038519aa5d66b44671861ffab754cae75102c",
                "sha256:8df8612be9cd1c7797c93e1c5df861b2ddda0b48b08f2c3eaa0702cf88fb5f88",
                "sha256:94e714a1cca63e4f5939cdce5f29ba8d415d85166be3441165edd427dc9f6bc0",
                "sha256:9bd8a40f47080825af4317d0340c656744f2bfdb6819f818e6ba3cd24c0e1397",
                "sha256:9d1265545f579edf3f8f0cb6f89f234f5e44ba725a34d86535b1a1d38decbccc",
                "sha256:a935a90a76c44fe170d01e90a3594beef9e9a6220021acfb26053d01426f7dc2",
                "sha256:af5d3c00557d657c8773ef9ee702c61dd13b9d7426794c9dfeb1dc4a0bf0ebc7",
                "sha256:c2ce852e1cf2509a69e98358e8458775f89599566ac3775e70419b98615f4b06",
                "sha256:c38ce92cb22a4bea4e3929429aa1067a454dcc9c335799af93ba9be21b6beb51",
                "sha256:c391f594aae2fd9f679d419e9a4d5ba4bce5bb13f6a989195656e7dc4b95c8f0",
                "sha256:c70e00c2d894cb230e5c15e4b1e1e6b2b478e09cf27cc593a11ef955b9ecc81a",
                "sha256:df0c37ebd19e11d089ceba66eba59a168242fc6b7155cba4ffffa6eccdfb8f16",
                "sha256:e97fbb5387c69209f134893abc788a6486dbf2f9e511070ca05eed4b930b1b02",
                "sha256:f02a3a6c83df4026e55b63c1f06476c9aa3ed6af3d89b4f04ea656ccdaaaa359",
                "sha256:f821213d48f4ab353d20ebc24e4faf94ba40d76680642fb7ce2ea31a3ad94f9b",
                "sha256:f9d3558d263073ed95e46f4650becff0c5e1ffe0fc3a015de3c79283dfbdb3df"
            ],
            "index": "pypi",
            "markers": "python_version >= '3.9'",
            "version": "==2.2.1"
        },
        "platformdirs": {
            "hashes": [
                "sha256:0614df2a2f37e1a662acbd8e2b25b92ccf8632929bc6d43467e17fe89c75e068",
                "sha256:ef0cc731df711022c174543cb70a9b5bd22e5a9337c8624ef2c2ceb8ddad8768"
            ],
            "markers": "python_version >= '3.8'",
            "version": "==4.2.0"
        },
        "pooch": {
            "hashes": [
                "sha256:27ef63097dd9a6e4f9d2694f5cfbf2f0a5defa44fccafec08d601e731d746270",
                "sha256:6b56611ac320c239faece1ac51a60b25796792599ce5c0b1bb87bf01df55e0a9"
            ],
            "markers": "python_version >= '3.7'",
            "version": "==1.8.1"
        },
        "pyarrow": {
            "hashes": [
                "sha256:001fca027738c5f6be0b7a3159cc7ba16a5c52486db18160909a0831b063c4e4",
                "sha256:003d680b5e422d0204e7287bb3fa775b332b3fce2996aa69e9adea23f5c8f970",
                "sha256:036a7209c235588c2f07477fe75c07e6caced9b7b61bb897c8d4e52c4b5f9555",
                "sha256:07eb7f07dc9ecbb8dace0f58f009d3a29ee58682fcdc91337dfeb51ea618a75b",
                "sha256:0a524532fd6dd482edaa563b686d754c70417c2f72742a8c990b322d4c03a15d",
                "sha256:0ca9cb0039923bec49b4fe23803807e4ef39576a2bec59c32b11296464623dc2",
                "sha256:17d53a9d1b2b5bd7d5e4cd84d018e2a45bc9baaa68f7e6e3ebed45649900ba99",
                "sha256:19a8918045993349b207de72d4576af0191beef03ea655d8bdb13762f0cd6eac",
                "sha256:1f500956a49aadd907eaa21d4fff75f73954605eaa41f61cb94fb008cf2e00c6",
                "sha256:2bd8a0e5296797faf9a3294e9fa2dc67aa7f10ae2207920dbebb785c77e9dbe5",
                "sha256:47af7036f64fce990bb8a5948c04722e4e3ea3e13b1007ef52dfe0aa8f23cf7f",
                "sha256:5b8d43e31ca16aa6e12402fcb1e14352d0d809de70edd185c7650fe80e0769e3",
                "sha256:5db1769e5d0a77eb92344c7382d6543bea1164cca3704f84aa44e26c67e320fb",
                "sha256:60a6bdb314affa9c2e0d5dddf3d9cbb9ef4a8dddaa68669975287d47ece67642",
                "sha256:66958fd1771a4d4b754cd385835e66a3ef6b12611e001d4e5edfcef5f30391e2",
                "sha256:6eda9e117f0402dfcd3cd6ec9bfee89ac5071c48fc83a84f3075b60efa96747f",
                "sha256:6f87d9c4f09e049c2cade559643424da84c43a35068f2a1c4653dc5b1408a929",
                "sha256:85239b9f93278e130d86c0e6bb455dcb66fc3fd891398b9d45ace8799a871a1e",
                "sha256:876858f549d540898f927eba4ef77cd549ad8d24baa3207cf1b72e5788b50e83",
                "sha256:8780b1a29d3c8b21ba6b191305a2a607de2e30dab399776ff0aa09131e266340",
                "sha256:93768ccfff85cf044c418bfeeafce9a8bb0cee091bd8fd19011aff91e58de540",
                "sha256:972a0141be402bb18e3201448c8ae62958c9c7923dfaa3b3d4530c835ac81aed",
                "sha256:9950a9c9df24090d3d558b43b97753b8f5867fb8e521f29876aa021c52fda351",
                "sha256:9a3a6180c0e8f2727e6f1b1c87c72d3254cac909e609f35f22532e4115461177",
                "sha256:9ed5a78ed29d171d0acc26a305a4b7f83c122d54ff5270810ac23c75813585e4",
                "sha256:c8c287d1d479de8269398b34282e206844abb3208224dbdd7166d580804674b7",
                "sha256:d0ec076b32bacb6666e8813a22e6e5a7ef1314c8069d4ff345efa6246bc38593",
                "sha256:d1c48648f64aec09accf44140dccb92f4f94394b8d79976c426a5b79b11d4fa7",
                "sha256:d31c1d45060180131caf10f0f698e3a782db333a422038bf7fe01dace18b3a31",
                "sha256:e2617e3bf9df2a00020dd1c1c6dce5cc343d979efe10bc401c0632b0eef6ef5b",
                "sha256:e8ebed6053dbe76883a822d4e8da36860f479d55a762bd9e70d8494aed87113e",
                "sha256:f01fc5cf49081426429127aa2d427d9d98e1cb94a32cb961d583a70b7c4504e6",
                "sha256:f6ee87fd6892700960d90abb7b17a72a5abb3b64ee0fe8db6c782bcc2d0dc0b4",
                "sha256:f75fce89dad10c95f4bf590b765e3ae98bcc5ba9f6ce75adb828a334e26a3d40",
                "sha256:fa7cd198280dbd0c988df525e50e35b5d16873e2cdae2aaaa6363cdb64e3eec5",
                "sha256:fe0ec198ccc680f6c92723fadcb97b74f07c45ff3fdec9dd765deb04955ccf19"
            ],
            "index": "pypi",
            "markers": "python_version >= '3.8'",
            "version": "==15.0.0"
        },
        "pygments": {
            "hashes": [
                "sha256:b27c2826c47d0f3219f29554824c30c5e8945175d888647acd804ddd04af846c",
                "sha256:da46cec9fd2de5be3a8a784f434e4c4ab670b4ff54d605c4c2717e9d49c4c367"
            ],
            "markers": "python_version >= '3.7'",
            "version": "==2.17.2"
        },
        "pyranges": {
            "hashes": [
                "sha256:bee83b4fad0062be9586668c6b0fc4270d5e761951975e018202993680071fb3",
                "sha256:e9f003696be1bf9c0759a0b4e08964d942d22bba2cf1113b6b9febdb779a2842"
            ],
            "index": "pypi",
            "version": "==0.0.129"
        },
        "pysam": {
            "hashes": [
                "sha256:021fbf6874ad998aba19be33828ad9d23d52273643793488ac4b12917d714c68",
                "sha256:116278a7caa122b2b8acc56d13b3599be9b1236f27a12488bffc306858ff0d57",
                "sha256:1b84f99aa04e30bd1cc35c01bd41c2b7680131f56c71a740805aff8086f24b56",
                "sha256:26199e403855b9da45341d25682e0df27013687d9cb1b4fd328136fbd506292b",
                "sha256:32042e0bf3c5dd8554769442c2e1f7b6ada902c33ee44c616d0403e7acd12ee3",
                "sha256:34f5653a82138d28a8e86205785a0398eb6c89f776b4145ff42783168757323c",
                "sha256:4779a99d1ece17a98724d87a5c10c455cf212b3baa3a8399d3d072e4d0ae5ba0",
                "sha256:481e4efbfbc07b6b92194a005cb9a98006c8378024f41c7b66c58b14f6e77f9c",
                "sha256:4f6657a09c81333adb5545cf9a20d4c2ca1686acf8609ad58f13b3ec1b52a9cf",
                "sha256:6d6aa2346b11ad35e88c65eb0067321318c25c7f35f75c98061173eabefcf8b0",
                "sha256:6ffe5c98725fea54b1b2aa8f14a60ee9ceaed32c04460d1b861a62603dcd7153",
                "sha256:83776ba587eb9575a209efed1cedb49d69c5fa6cc520dd722a0a09d0bb4e9b87",
                "sha256:87dbf72f3e61fd6d3f92b1b683d9a9e797b6cc213ffcd971899f24a16f9f6e8f",
                "sha256:93eb12be3822fb387e5438811f62a0f5e56c1edd5c830aaa316fb50d3d0bc181",
                "sha256:942dd4a2263996bc2daa21200886e9fde027f32ce8820e7832b20bbdb97eb393",
                "sha256:9af1cd3d07fd4c84e9b3d8a46c65b25f95278185bc6d44c4a48951679d5189ac",
                "sha256:9b8e18520e7a79bad91b44cf9199c7fa42cec5c3020024d7ef9a7161d0099bf8",
                "sha256:9ba53f9b0b2c5cb57908855cdb35a31b34c5211d215aa01bdb3e9b3d05c659cc",
                "sha256:9bfebf89b1dc2ff6f88d64b5f05d8630deb89562b22764f8ee7f6fa9e677bb91",
                "sha256:9d3ebb1515c2fd9b11823469e5b211ca3cc89e976c00c284a2190804c9f11726",
                "sha256:a98d1ddca64943f3ead507721e52466aea2f7303e549d4960a2eb1d9fff8e3d7",
                "sha256:ab7a46973cf0ab8c6ac327f4c3fb67698d7ccbeef8631a716898c6ba01ef3e45",
                "sha256:bb61bf30c15f6767403b423b04c293e96fd7635457b506c849aafcf48fc13242",
                "sha256:cfd2b858c7405cf38c730cba779ddf9f8cff28b4842c6440e64781650dcb9a52",
                "sha256:da2f1af461e44d5c2c7210d458ee216f8ab98486adf1eea6c88eea5c1058a62f",
                "sha256:f23b2f47528b94e8abe3b700103fb1214c623ae1c1b8125ecf22d4d33d76720f",
                "sha256:f73d7923c89618fb7024875ed8eddc5fb0c911f430e3495de482fcee48143e45"
            ],
            "index": "pypi",
            "markers": "python_version >= '3.6'",
            "version": "==0.22.0"
        },
        "python-dateutil": {
            "hashes": [
                "sha256:37dd54208da7e1cd875388217d5e00ebd4179249f90fb72437e91a35459a0ad3",
                "sha256:a8b2bc7bffae282281c8140a97d3aa9c14da0b136dfe83f850eea9a5f7470427"
            ],
            "markers": "python_version >= '2.7' and python_version not in '3.0, 3.1, 3.2, 3.3'",
            "version": "==2.9.0.post0"
        },
        "pytz": {
            "hashes": [
                "sha256:2a29735ea9c18baf14b448846bde5a48030ed267578472d8955cd0e7443a9812",
                "sha256:328171f4e3623139da4983451950b28e95ac706e13f3f2630a879749e7a8b319"
            ],
            "version": "==2024.1"
        },
        "requests": {
            "hashes": [
                "sha256:58cd2187c01e70e6e26505bca751777aa9f2ee0b7f4300988b709f44e013003f",
                "sha256:942c5a758f98d790eaed1a29cb6eefc7ffb0d1cf7af05c3d2791656dbd6ad1e1"
            ],
            "markers": "python_version >= '3.7'",
            "version": "==2.31.0"
        },
        "rich": {
            "hashes": [
                "sha256:4edbae314f59eb482f54e9e30bf00d33350aaa94f4bfcd4e9e3110e64d0d7222",
                "sha256:9be308cb1fe2f1f57d67ce99e95af38a1e2bc71ad9813b0e247cf7ffbcc3a432"
            ],
            "index": "pypi",
            "markers": "python_full_version >= '3.7.0'",
            "version": "==13.7.1"
        },
        "six": {
            "hashes": [
                "sha256:1e61c37477a1626458e36f7b1d82aa5c9b094fa4802892072e49de9c60c4c926",
                "sha256:8abb2f1d86890a2dfb989f9a77cfcfd3e47c2a354b01111771326f8aa26e0254"
            ],
            "markers": "python_version >= '2.7' and python_version not in '3.0, 3.1, 3.2, 3.3'",
            "version": "==1.16.0"
        },
        "sorted-nearest": {
            "hashes": [
                "sha256:02af85e8a893292b214362f79f367dfcf223d4cf9266b18ad08cb46f5966fe4f",
                "sha256:048423471944b83b6e94eca1d32107faff76ca1b522ad307453570b369cd8a3f",
                "sha256:057bfa08654ab4c4d23b06168a3aba1c7cb6a77e20c691a92260d3210adbc9e5",
                "sha256:0924ce55d7e0783ad352c9c617964f2ea9d1bb5c1b3e2ba4d5cbdd2511e4b3d2",
                "sha256:0b64681f8e76fc687a2133233be262efecded92403318c040d688076f461e0a3",
                "sha256:0e9523ba8fc414ec9d0acb7bbfd224260fa1503e1bba46e9b10fa5aba93ddc79",
                "sha256:12bcc4da3ccaa329ada8efc029f407e4fdecbe9038d0ac256902b518737706bc",
                "sha256:16a51d5db87ae226b47ace43c176bb672477a1b7ba8052ea9291a6356c9c69b1",
                "sha256:16b511c9a80b61fc51744cbc7324dc64658c4b955acd2a3b1138af28a1ae7b3c",
                "sha256:1a5ff1fd80cca946ba197b9f56fe11489e16fe4879fe9a6be150cf7f06435569",
                "sha256:20df0acea50a7378353773998d40cb4d29c91372961939e81aae5377d3e2ee07",
                "sha256:2cab765d75f595b1b5d5724150a11c9b9b97f2b59941cb0a8420589b0262c6c6",
                "sha256:329ca49391ddd9b87c87db9d2f96ec9f8820e3ae15143fe31bc8c847b850f9f6",
                "sha256:3b025375d140ba1328f4ff1f01116e66c1ec84e30b6565e5af863cc906fd88d3",
                "sha256:40f6ef3477923ad160cee296e48613b3beaefbbadb3cae5f92c843eda2a218c9",
                "sha256:46c873f0b77b1b3fd4e3e0046ddebd48c5e4182846492df8f09a16f1f7111099",
                "sha256:4eba6a0204fb60fef3edb440c3f6575edd25f8976583d231932637c07e5ea89a",
                "sha256:51f1979159025bc2587ce939562fb4308317b4c9ebbd28aa313efe099e42f2f0",
                "sha256:563022632cf208a7d8375e4d1c490999c177530b16ab67443b53ea0d1351890b",
                "sha256:573a36988875c1b886fbc07aaee9594a6fd661664425afe6b10b85e5ba395a02",
                "sha256:5c97d2088baffb19dcb0bf0a3921bf0b6ecd40157e24c0eabd881215994ee917",
                "sha256:62dcd58c94717114965d9cdecb7f6c839e92bd82d5ff840f22fd32b2823972bd",
                "sha256:70dd4dcbd397c87cf2ae9792428ef9e65da3daca0f41c96f6229011da8ae4142",
                "sha256:74a5cb5f072235d3b4a6d11a600effa3a0f3bd2c891a5aae785f4eb0bb46a157",
                "sha256:7ce5e50b1c69e0615807e6cc7c7b5e17af7eccb7a6dde59330c92961df6dc31b",
                "sha256:852524ad8c4975bcdda9eddb3ebc8686c4242bd94b1e520b14e239e384a4597c",
                "sha256:8e48cead83b07d9603c359824b1c4228ab0979f301009bc643e6635e253c09bf",
                "sha256:95c935fd62ba06d7a00cc9c25cac2d89499df17a75e8fad49bf9a09f826c6056",
                "sha256:96be7c58eb2683b831ff264c07ceac236e7b760552fca7f96f478a0e65b60713",
                "sha256:9c144167a1e58d8e67efeef6694f0213f669a1f767c6060d65abdfc489224517",
                "sha256:9ec62a8d297a3ae22517d62bf0fe0959ab22395516bad9cee188a8061d16b38d",
                "sha256:a12d4d90812a03f9561aeffa3da854a5352f25f3f26537d4da9598cc9efcac61",
                "sha256:a568e0b17727fed91fe424ad424c4a7575063f9fc40877420fa16ec60d7b60c0",
                "sha256:acb5bec03c1d0ed18f91f1a1085a6fe797d2ac511cdeb3ca2074346ff1a32595",
                "sha256:aed70454644d840c16592616ff8a0a211a8579bd28a31d79dcdf1bfcc6ef708c",
                "sha256:b545b1b89c965cb40306b0746bbcda8253b6fcfb1dbac2439280da5fe56aac33",
                "sha256:b84a7285ac4609251e14480a59eb8313dcbdfa0adf9d31e8fc439a0e30993862",
                "sha256:b9b2e110ed2be031b3aa40c6ad81f86d8c3b51f78ccead9db1e9f1aba874d8a9",
                "sha256:bb19c696bd544adc6ed64d4f04e87df1cb0ce335f1830049aa92c04c4a48c9ad",
                "sha256:bfc0054ff2974486746914402ad94bb91cc7496e79dd570c400c0b7fcc017b6a",
                "sha256:caa55b3356b8e2f74327633513424b81ea7276974c6dfdbcfee89bd7b3b637ca",
                "sha256:d74dcc0aae9ca582541a83057def578d56ae8fb32ea8de576bcb2546c8a9f5e8",
                "sha256:dccdfe5245d982b1d8938c27ab844e78ac6cdf4301ed3d37f697602b4dd86aed",
                "sha256:e563827c59cf21c69193f1ebfffd81fe8b3f47bd91e21da038d6fa72313ecd14",
                "sha256:e5640ef3468036914749114d755e1f9edd90846ae61c7de919ea355cf5b168fe",
                "sha256:e8a0c7d3f6bf5e5542bd5b14a848971e897b4c9fe94f7c105069266d2b3eaf10",
                "sha256:ed1ae5750afa64e810a7e330ab26807e6c81d4f7a00fcb39e707cf7a1bd5c92f",
                "sha256:f8265077a83ba8a5cd9acb3f073a5cbfbb71a655e35b0baf53d6840825570b3c"
            ],
            "version": "==0.0.39"
        },
        "tabulate": {
            "hashes": [
                "sha256:0095b12bf5966de529c0feb1fa08671671b3368eec77d7ef7ab114be2c068b3c",
                "sha256:024ca478df22e9340661486f85298cff5f6dcdba14f3813e8830015b9ed1948f"
            ],
            "markers": "python_version >= '3.7'",
            "version": "==0.9.0"
        },
        "tqdm": {
            "hashes": [
                "sha256:1ee4f8a893eb9bef51c6e35730cebf234d5d0b6bd112b0271e10ed7c24a02bd9",
                "sha256:6cd52cdf0fef0e0f543299cfc96fec90d7b8a7e88745f411ec33eb44d5ed3531"
            ],
            "markers": "python_version >= '3.7'",
            "version": "==4.66.2"
        },
        "tzdata": {
            "hashes": [
                "sha256:2674120f8d891909751c38abcdfd386ac0a5a1127954fbc332af6b5ceae07efd",
                "sha256:9068bc196136463f5245e51efda838afa15aaeca9903f49050dfa2679db4d252"
            ],
            "markers": "python_version >= '2'",
            "version": "==2024.1"
        },
        "urllib3": {
            "hashes": [
                "sha256:450b20ec296a467077128bff42b73080516e71b56ff59a60a02bef2232c4fa9d",
                "sha256:d0570876c61ab9e520d776c38acbbb5b05a776d3f9ff98a5c8fd5162a444cf19"
            ],
            "markers": "python_version >= '3.8'",
            "version": "==2.2.1"
        }
    },
    "develop": {}
}
